# This file is intentionally regenerated by Cargo in CI. The only manual changes in this remediation are the package version and direct rand_chacha dependency; all registry package versions/checksums remain pinned from the prior lockfile.
version = 4

[[package]]
name = "base64"
version = "0.21.7"
source = "registry+https://github.com/rust-lang/crates.io-index"
checksum = "9d297deb1925b89f2ccc13d7635fa0714f12c87adce1c75356b39ca9b7178567"

[[package]]
name = "block-buffer"
version = "0.9.0"
source = "registry+https://github.com/rust-lang/crates.io-index"
checksum = "4152116fd6e9dadb291ae18fc1ec3575126061541c7294e48"
